// !$*UTF8*$!
{
	archiveVersion = 1;
	classes = {
	};
	objectVersion = 56;
	objects = {

/* Begin PBXBuildFile section */
		2C6798C38D30543CB6386E3E /* Pods_PresentItemsOnMap.framework in Frameworks */ = {isa = PBXBuildFile; fileRef = 41A76239F247E901BF5D52AE /* Pods_PresentItemsOnMap.framework */; };
		34778C902B8F209500BA7A08 /* PlaceDetailsView.swift in Sources */ = {isa = PBXBuildFile; fileRef = 34778C8E2B8F209500BA7A08 /* PlaceDetailsView.swift */; };
		34778C912B8F209500BA7A08 /* PlaceDetailsView.xib in Resources */ = {isa = PBXBuildFile; fileRef = 34778C8F2B8F209500BA7A08 /* PlaceDetailsView.xib */; };
		34792FC12B8CF9630045289F /* AppDelegate.swift in Sources */ = {isa = PBXBuildFile; fileRef = 34792FC02B8CF9630045289F /* AppDelegate.swift */; };
		34792FC32B8CF9630045289F /* SceneDelegate.swift in Sources */ = {isa = PBXBuildFile; fileRef = 34792FC22B8CF9630045289F /* SceneDelegate.swift */; };
		34792FC52B8CF9630045289F /* PlacesViewController.swift in Sources */ = {isa = PBXBuildFile; fileRef = 34792FC42B8CF9630045289F /* PlacesViewController.swift */; };
		34792FC82B8CF9630045289F /* Main.storyboard in Resources */ = {isa = PBXBuildFile; fileRef = 34792FC62B8CF9630045289F /* Main.storyboard */; };
		34792FCA2B8CF9660045289F /* Assets.xcassets in Resources */ = {isa = PBXBuildFile; fileRef = 34792FC92B8CF9660045289F /* Assets.xcassets */; };
		34792FCD2B8CF9660045289F /* LaunchScreen.storyboard in Resources */ = {isa = PBXBuildFile; fileRef = 34792FCB2B8CF9660045289F /* LaunchScreen.storyboard */; };
		34792FD82B8CF9660045289F /* PresentItemsOnMapTests.swift in Sources */ = {isa = PBXBuildFile; fileRef = 34792FD72B8CF9660045289F /* PresentItemsOnMapTests.swift */; };
		34792FE22B8CF9660045289F /* PresentItemsOnMapUITests.swift in Sources */ = {isa = PBXBuildFile; fileRef = 34792FE12B8CF9660045289F /* PresentItemsOnMapUITests.swift */; };
		34792FE42B8CF9660045289F /* PresentItemsOnMapUITestsLaunchTests.swift in Sources */ = {isa = PBXBuildFile; fileRef = 34792FE32B8CF9660045289F /* PresentItemsOnMapUITestsLaunchTests.swift */; };
		34792FF22B8D1E540045289F /* Constants.swift in Sources */ = {isa = PBXBuildFile; fileRef = 34792FF12B8D1E540045289F /* Constants.swift */; };
		34792FF52B8D28690045289F /* PlacesModel.swift in Sources */ = {isa = PBXBuildFile; fileRef = 34792FF42B8D28690045289F /* PlacesModel.swift */; };
		34792FFA2B8DB46D0045289F /* PlacesViewModel.swift in Sources */ = {isa = PBXBuildFile; fileRef = 34792FF92B8DB46D0045289F /* PlacesViewModel.swift */; };
		34931EC72B8DD6E900D54A6B /* PlaceCell.swift in Sources */ = {isa = PBXBuildFile; fileRef = 34931EC52B8DD6E900D54A6B /* PlaceCell.swift */; };
		34931EC82B8DD6E900D54A6B /* PlaceCell.xib in Resources */ = {isa = PBXBuildFile; fileRef = 34931EC62B8DD6E900D54A6B /* PlaceCell.xib */; };
		34931ED12B8E76F900D54A6B /* CustomMarker.swift in Sources */ = {isa = PBXBuildFile; fileRef = 34931ED02B8E76F900D54A6B /* CustomMarker.swift */; };
		34931ED32B8E770800D54A6B /* CustomMarker.xib in Resources */ = {isa = PBXBuildFile; fileRef = 34931ED22B8E770800D54A6B /* CustomMarker.xib */; };
/* End PBXBuildFile section */

/* Begin PBXContainerItemProxy section */
		34792FD42B8CF9660045289F /* PBXContainerItemProxy */ = {
			isa = PBXContainerItemProxy;
			containerPortal = 34792FB52B8CF9630045289F /* Project object */;
			proxyType = 1;
			remoteGlobalIDString = 34792FBC2B8CF9630045289F;
			remoteInfo = PresentItemsOnMap;
		};
		34792FDE2B8CF9660045289F /* PBXContainerItemProxy */ = {
			isa = PBXContainerItemProxy;
			containerPortal = 34792FB52B8CF9630045289F /* Project object */;
			proxyType = 1;
			remoteGlobalIDString = 34792FBC2B8CF9630045289F;
			remoteInfo = PresentItemsOnMap;
		};
/* End PBXContainerItemProxy section */

/* Begin PBXFileReference section */
		01A427778BDBD9E325E589A4 /* Pods-PresentItemsOnMap.release.xcconfig */ = {isa = PBXFileReference; includeInIndex = 1; lastKnownFileType = text.xcconfig; name = "Pods-PresentItemsOnMap.release.xcconfig"; path = "Target Support Files/Pods-PresentItemsOnMap/Pods-PresentItemsOnMap.release.xcconfig"; sourceTree = "<group>"; };
		15A8A2104A15F39AD3453448 /* Pods-PresentItemsOnMap.debug.xcconfig */ = {isa = PBXFileReference; includeInIndex = 1; lastKnownFileType = text.xcconfig; name = "Pods-PresentItemsOnMap.debug.xcconfig"; path = "Target Support Files/Pods-PresentItemsOnMap/Pods-PresentItemsOnMap.debug.xcconfig"; sourceTree = "<group>"; };
		34778C8E2B8F209500BA7A08 /* PlaceDetailsView.swift */ = {isa = PBXFileReference; lastKnownFileType = sourcecode.swift; path = PlaceDetailsView.swift; sourceTree = "<group>"; };
		34778C8F2B8F209500BA7A08 /* PlaceDetailsView.xib */ = {isa = PBXFileReference; lastKnownFileType = file.xib; path = PlaceDetailsView.xib; sourceTree = "<group>"; };
		34792FBD2B8CF9630045289F /* PresentItemsOnMap.app */ = {isa = PBXFileReference; explicitFileType = wrapper.application; includeInIndex = 0; path = PresentItemsOnMap.app; sourceTree = BUILT_PRODUCTS_DIR; };
		34792FC02B8CF9630045289F /* AppDelegate.swift */ = {isa = PBXFileReference; lastKnownFileType = sourcecode.swift; path = AppDelegate.swift; sourceTree = "<group>"; };
		34792FC22B8CF9630045289F /* SceneDelegate.swift */ = {isa = PBXFileReference; lastKnownFileType = sourcecode.swift; path = SceneDelegate.swift; sourceTree = "<group>"; };
		34792FC42B8CF9630045289F /* PlacesViewController.swift */ = {isa = PBXFileReference; lastKnownFileType = sourcecode.swift; path = PlacesViewController.swift; sourceTree = "<group>"; };
		34792FC72B8CF9630045289F /* Base */ = {isa = PBXFileReference; lastKnownFileType = file.storyboard; name = Base; path = Base.lproj/Main.storyboard; sourceTree = "<group>"; };
		34792FC92B8CF9660045289F /* Assets.xcassets */ = {isa = PBXFileReference; lastKnownFileType = folder.assetcatalog; path = Assets.xcassets; sourceTree = "<group>"; };
		34792FCC2B8CF9660045289F /* Base */ = {isa = PBXFileReference; lastKnownFileType = file.storyboard; name = Base; path = Base.lproj/LaunchScreen.storyboard; sourceTree = "<group>"; };
		34792FCE2B8CF9660045289F /* Info.plist */ = {isa = PBXFileReference; lastKnownFileType = text.plist.xml; path = Info.plist; sourceTree = "<group>"; };
		34792FD32B8CF9660045289F /* PresentItemsOnMapTests.xctest */ = {isa = PBXFileReference; explicitFileType = wrapper.cfbundle; includeInIndex = 0; path = PresentItemsOnMapTests.xctest; sourceTree = BUILT_PRODUCTS_DIR; };
		34792FD72B8CF9660045289F /* PresentItemsOnMapTests.swift */ = {isa = PBXFileReference; lastKnownFileType = sourcecode.swift; path = PresentItemsOnMapTests.swift; sourceTree = "<group>"; };
		34792FDD2B8CF9660045289F /* PresentItemsOnMapUITests.xctest */ = {isa = PBXFileReference; explicitFileType = wrapper.cfbundle; includeInIndex = 0; path = PresentItemsOnMapUITests.xctest; sourceTree = BUILT_PRODUCTS_DIR; };
		34792FE12B8CF9660045289F /* PresentItemsOnMapUITests.swift */ = {isa = PBXFileReference; lastKnownFileType = sourcecode.swift; path = PresentItemsOnMapUITests.swift; sourceTree = "<group>"; };
		34792FE32B8CF9660045289F /* PresentItemsOnMapUITestsLaunchTests.swift */ = {isa = PBXFileReference; lastKnownFileType = sourcecode.swift; path = PresentItemsOnMapUITestsLaunchTests.swift; sourceTree = "<group>"; };
		34792FF12B8D1E540045289F /* Constants.swift */ = {isa = PBXFileReference; lastKnownFileType = sourcecode.swift; path = Constants.swift; sourceTree = "<group>"; };
		34792FF42B8D28690045289F /* PlacesModel.swift */ = {isa = PBXFileReference; lastKnownFileType = sourcecode.swift; path = PlacesModel.swift; sourceTree = "<group>"; };
		34792FF92B8DB46D0045289F /* PlacesViewModel.swift */ = {isa = PBXFileReference; lastKnownFileType = sourcecode.swift; path = PlacesViewModel.swift; sourceTree = "<group>"; };
		34931EC52B8DD6E900D54A6B /* PlaceCell.swift */ = {isa = PBXFileReference; lastKnownFileType = sourcecode.swift; path = PlaceCell.swift; sourceTree = "<group>"; };
		34931EC62B8DD6E900D54A6B /* PlaceCell.xib */ = {isa = PBXFileReference; lastKnownFileType = file.xib; path = PlaceCell.xib; sourceTree = "<group>"; };
		34931ED02B8E76F900D54A6B /* CustomMarker.swift */ = {isa = PBXFileReference; lastKnownFileType = sourcecode.swift; path = CustomMarker.swift; sourceTree = "<group>"; };
		34931ED22B8E770800D54A6B /* CustomMarker.xib */ = {isa = PBXFileReference; lastKnownFileType = file.xib; path = CustomMarker.xib; sourceTree = "<group>"; };
		41A76239F247E901BF5D52AE /* Pods_PresentItemsOnMap.framework */ = {isa = PBXFileReference; explicitFileType = wrapper.framework; includeInIndex = 0; path = Pods_PresentItemsOnMap.framework; sourceTree = BUILT_PRODUCTS_DIR; };
/* End PBXFileReference section */

/* Begin PBXFrameworksBuildPhase section */
		34792FBA2B8CF9630045289F /* Frameworks */ = {
			isa = PBXFrameworksBuildPhase;
			buildActionMask = 2147483647;
			files = (
				2C6798C38D30543CB6386E3E /* Pods_PresentItemsOnMap.framework in Frameworks */,
			);
			runOnlyForDeploymentPostprocessing = 0;
		};
		34792FD02B8CF9660045289F /* Frameworks */ = {
			isa = PBXFrameworksBuildPhase;
			buildActionMask = 2147483647;
			files = (
			);
			runOnlyForDeploymentPostprocessing = 0;
		};
		34792FDA2B8CF9660045289F /* Frameworks */ = {
			isa = PBXFrameworksBuildPhase;
			buildActionMask = 2147483647;
			files = (
			);
			runOnlyForDeploymentPostprocessing = 0;
		};
/* End PBXFrameworksBuildPhase section */

/* Begin PBXGroup section */
		34778C892B8F1BDE00BA7A08 /* CustomViews */ = {
			isa = PBXGroup;
			children = (
				34778C8E2B8F209500BA7A08 /* PlaceDetailsView.swift */,
				34778C8F2B8F209500BA7A08 /* PlaceDetailsView.xib */,
			);
			path = CustomViews;
			sourceTree = "<group>";
		};
		34792FB42B8CF9630045289F = {
			isa = PBXGroup;
			children = (
				34792FBF2B8CF9630045289F /* PresentItemsOnMap */,
				34792FD62B8CF9660045289F /* PresentItemsOnMapTests */,
				34792FE02B8CF9660045289F /* PresentItemsOnMapUITests */,
				34792FBE2B8CF9630045289F /* Products */,
				9E6E7152C00C817B820516C2 /* Pods */,
				617B13E48EF3250191F7C0B6 /* Frameworks */,
			);
			sourceTree = "<group>";
		};
		34792FBE2B8CF9630045289F /* Products */ = {
			isa = PBXGroup;
			children = (
				34792FBD2B8CF9630045289F /* PresentItemsOnMap.app */,
				34792FD32B8CF9660045289F /* PresentItemsOnMapTests.xctest */,
				34792FDD2B8CF9660045289F /* PresentItemsOnMapUITests.xctest */,
			);
			name = Products;
			sourceTree = "<group>";
		};
		34792FBF2B8CF9630045289F /* PresentItemsOnMap */ = {
			isa = PBXGroup;
			children = (
				34792FF62B8DB4360045289F /* Helpers */,
				34792FF82B8DB4530045289F /* viewModels */,
				34792FF32B8D285F0045289F /* Models */,
				34792FF72B8DB43F0045289F /* Controllers */,
				34792FC02B8CF9630045289F /* AppDelegate.swift */,
				34792FC22B8CF9630045289F /* SceneDelegate.swift */,
				34792FC62B8CF9630045289F /* Main.storyboard */,
				34792FC92B8CF9660045289F /* Assets.xcassets */,
				34792FCB2B8CF9660045289F /* LaunchScreen.storyboard */,
				34792FCE2B8CF9660045289F /* Info.plist */,
			);
			path = PresentItemsOnMap;
			sourceTree = "<group>";
		};
		34792FD62B8CF9660045289F /* PresentItemsOnMapTests */ = {
			isa = PBXGroup;
			children = (
				34792FD72B8CF9660045289F /* PresentItemsOnMapTests.swift */,
			);
			path = PresentItemsOnMapTests;
			sourceTree = "<group>";
		};
		34792FE02B8CF9660045289F /* PresentItemsOnMapUITests */ = {
			isa = PBXGroup;
			children = (
				34792FE12B8CF9660045289F /* PresentItemsOnMapUITests.swift */,
				34792FE32B8CF9660045289F /* PresentItemsOnMapUITestsLaunchTests.swift */,
			);
			path = PresentItemsOnMapUITests;
			sourceTree = "<group>";
		};
		34792FF02B8D1E470045289F /* Constants */ = {
			isa = PBXGroup;
			children = (
				34792FF12B8D1E540045289F /* Constants.swift */,
			);
			path = Constants;
			sourceTree = "<group>";
		};
		34792FF32B8D285F0045289F /* Models */ = {
			isa = PBXGroup;
			children = (
				34792FF42B8D28690045289F /* PlacesModel.swift */,
			);
			path = Models;
			sourceTree = "<group>";
		};
		34792FF62B8DB4360045289F /* Helpers */ = {
			isa = PBXGroup;
			children = (
				34792FF02B8D1E470045289F /* Constants */,
			);
			path = Helpers;
			sourceTree = "<group>";
		};
		34792FF72B8DB43F0045289F /* Controllers */ = {
			isa = PBXGroup;
			children = (
				34778C892B8F1BDE00BA7A08 /* CustomViews */,
				34931EC42B8DD6D300D54A6B /* Cells */,
				34792FC42B8CF9630045289F /* PlacesViewController.swift */,
			);
			path = Controllers;
			sourceTree = "<group>";
		};
		34792FF82B8DB4530045289F /* viewModels */ = {
			isa = PBXGroup;
			children = (
				34792FF92B8DB46D0045289F /* PlacesViewModel.swift */,
			);
			path = viewModels;
			sourceTree = "<group>";
		};
		34931EC42B8DD6D300D54A6B /* Cells */ = {
			isa = PBXGroup;
			children = (
				34931EC52B8DD6E900D54A6B /* PlaceCell.swift */,
				34931EC62B8DD6E900D54A6B /* PlaceCell.xib */,
				34931ED02B8E76F900D54A6B /* CustomMarker.swift */,
				34931ED22B8E770800D54A6B /* CustomMarker.xib */,
			);
			path = Cells;
			sourceTree = "<group>";
		};
		617B13E48EF3250191F7C0B6 /* Frameworks */ = {
			isa = PBXGroup;
			children = (
				41A76239F247E901BF5D52AE /* Pods_PresentItemsOnMap.framework */,
			);
			name = Frameworks;
			sourceTree = "<group>";
		};
		9E6E7152C00C817B820516C2 /* Pods */ = {
			isa = PBXGroup;
			children = (
				15A8A2104A15F39AD3453448 /* Pods-PresentItemsOnMap.debug.xcconfig */,
				01A427778BDBD9E325E589A4 /* Pods-PresentItemsOnMap.release.xcconfig */,
			);
			path = Pods;
			sourceTree = "<group>";
		};
/* End PBXGroup section */

/* Begin PBXNativeTarget section */
		34792FBC2B8CF9630045289F /* PresentItemsOnMap */ = {
			isa = PBXNativeTarget;
			buildConfigurationList = 34792FE72B8CF9660045289F /* Build configuration list for PBXNativeTarget "PresentItemsOnMap" */;
			buildPhases = (
				6C45C5D4850FBAA6E00D5715 /* [CP] Check Pods Manifest.lock */,
				34792FB92B8CF9630045289F /* Sources */,
				34792FBA2B8CF9630045289F /* Frameworks */,
				34792FBB2B8CF9630045289F /* Resources */,
				DC8334A7B649AC40A3C55C85 /* [CP] Copy Pods Resources */,
			);
			buildRules = (
			);
			dependencies = (
			);
			name = PresentItemsOnMap;
			productName = PresentItemsOnMap;
			productReference = 34792FBD2B8CF9630045289F /* PresentItemsOnMap.app */;
			productType = "com.apple.product-type.application";
		};
		34792FD22B8CF9660045289F /* PresentItemsOnMapTests */ = {
			isa = PBXNativeTarget;
			buildConfigurationList = 34792FEA2B8CF9660045289F /* Build configuration list for PBXNativeTarget "PresentItemsOnMapTests" */;
			buildPhases = (
				34792FCF2B8CF9660045289F /* Sources */,
				34792FD02B8CF9660045289F /* Frameworks */,
				34792FD12B8CF9660045289F /* Resources */,
			);
			buildRules = (
			);
			dependencies = (
				34792FD52B8CF9660045289F /* PBXTargetDependency */,
			);
			name = PresentItemsOnMapTests;
			productName = PresentItemsOnMapTests;
			productReference = 34792FD32B8CF9660045289F /* PresentItemsOnMapTests.xctest */;
			productType = "com.apple.product-type.bundle.unit-test";
		};
		34792FDC2B8CF9660045289F /* PresentItemsOnMapUITests */ = {
			isa = PBXNativeTarget;
			buildConfigurationList = 34792FED2B8CF9660045289F /* Build configuration list for PBXNativeTarget "PresentItemsOnMapUITests" */;
			buildPhases = (
				34792FD92B8CF9660045289F /* Sources */,
				34792FDA2B8CF9660045289F /* Frameworks */,
				34792FDB2B8CF9660045289F /* Resources */,
			);
			buildRules = (
			);
			dependencies = (
				34792FDF2B8CF9660045289F /* PBXTargetDependency */,
			);
			name = PresentItemsOnMapUITests;
			productName = PresentItemsOnMapUITests;
			productReference = 34792FDD2B8CF9660045289F /* PresentItemsOnMapUITests.xctest */;
			productType = "com.apple.product-type.bundle.ui-testing";
		};
/* End PBXNativeTarget section */

/* Begin PBXProject section */
		34792FB52B8CF9630045289F /* Project object */ = {
			isa = PBXProject;
			attributes = {
				BuildIndependentTargetsInParallel = 1;
				LastSwiftUpdateCheck = 1510;
				LastUpgradeCheck = 1510;
				TargetAttributes = {
					34792FBC2B8CF9630045289F = {
						CreatedOnToolsVersion = 15.1;
					};
					34792FD22B8CF9660045289F = {
						CreatedOnToolsVersion = 15.1;
						TestTargetID = 34792FBC2B8CF9630045289F;
					};
					34792FDC2B8CF9660045289F = {
						CreatedOnToolsVersion = 15.1;
						TestTargetID = 34792FBC2B8CF9630045289F;
					};
				};
			};
			buildConfigurationList = 34792FB82B8CF9630045289F /* Build configuration list for PBXProject "PresentItemsOnMap" */;
			compatibilityVersion = "Xcode 14.0";
			developmentRegion = en;
			hasScannedForEncodings = 0;
			knownRegions = (
				en,
				Base,
			);
			mainGroup = 34792FB42B8CF9630045289F;
			productRefGroup = 34792FBE2B8CF9630045289F /* Products */;
			projectDirPath = "";
			projectRoot = "";
			targets = (
				34792FBC2B8CF9630045289F /* PresentItemsOnMap */,
				34792FD22B8CF9660045289F /* PresentItemsOnMapTests */,
				34792FDC2B8CF9660045289F /* PresentItemsOnMapUITests */,
			);
		};
/* End PBXProject section */

/* Begin PBXResourcesBuildPhase section */
		34792FBB2B8CF9630045289F /* Resources */ = {
			isa = PBXResourcesBuildPhase;
			buildActionMask = 2147483647;
			files = (
				34792FCD2B8CF9660045289F /* LaunchScreen.storyboard in Resources */,
				34931ED32B8E770800D54A6B /* CustomMarker.xib in Resources */,
				34792FCA2B8CF9660045289F /* Assets.xcassets in Resources */,
				34792FC82B8CF9630045289F /* Main.storyboard in Resources */,
				34931EC82B8DD6E900D54A6B /* PlaceCell.xib in Resources */,
				34778C912B8F209500BA7A08 /* PlaceDetailsView.xib in Resources */,
			);
			runOnlyForDeploymentPostprocessing = 0;
		};
		34792FD12B8CF9660045289F /* Resources */ = {
			isa = PBXResourcesBuildPhase;
			buildActionMask = 2147483647;
			files = (
			);
			runOnlyForDeploymentPostprocessing = 0;
		};
		34792FDB2B8CF9660045289F /* Resources */ = {
			isa = PBXResourcesBuildPhase;
			buildActionMask = 2147483647;
			files = (
			);
			runOnlyForDeploymentPostprocessing = 0;
		};
/* End PBXResourcesBuildPhase section */

/* Begin PBXShellScriptBuildPhase section */
		6C45C5D4850FBAA6E00D5715 /* [CP] Check Pods Manifest.lock */ = {
			isa = PBXShellScriptBuildPhase;
			buildActionMask = 2147483647;
			files = (
			);
			inputFileListPaths = (
			);
			inputPaths = (
				"${PODS_PODFILE_DIR_PATH}/Podfile.lock",
				"${PODS_ROOT}/Manifest.lock",
			);
			name = "[CP] Check Pods Manifest.lock";
			outputFileListPaths = (
			);
			outputPaths = (
				"$(DERIVED_FILE_DIR)/Pods-PresentItemsOnMap-checkManifestLockResult.txt",
			);
			runOnlyForDeploymentPostprocessing = 0;
			shellPath = /bin/sh;
			shellScript = "diff \"${PODS_PODFILE_DIR_PATH}/Podfile.lock\" \"${PODS_ROOT}/Manifest.lock\" > /dev/null\nif [ $? != 0 ] ; then\n    # print error to STDERR\n    echo \"error: The sandbox is not in sync with the Podfile.lock. Run 'pod install' or update your CocoaPods installation.\" >&2\n    exit 1\nfi\n# This output is used by Xcode 'outputs' to avoid re-running this script phase.\necho \"SUCCESS\" > \"${SCRIPT_OUTPUT_FILE_0}\"\n";
			showEnvVarsInLog = 0;
		};
		DC8334A7B649AC40A3C55C85 /* [CP] Copy Pods Resources */ = {
			isa = PBXShellScriptBuildPhase;
			buildActionMask = 2147483647;
			files = (
			);
			inputFileListPaths = (
				"${PODS_ROOT}/Target Support Files/Pods-PresentItemsOnMap/Pods-PresentItemsOnMap-resources-${CONFIGURATION}-input-files.xcfilelist",
			);
			name = "[CP] Copy Pods Resources";
			outputFileListPaths = (
				"${PODS_ROOT}/Target Support Files/Pods-PresentItemsOnMap/Pods-PresentItemsOnMap-resources-${CONFIGURATION}-output-files.xcfilelist",
			);
			runOnlyForDeploymentPostprocessing = 0;
			shellPath = /bin/sh;
			shellScript = "\"${PODS_ROOT}/Target Support Files/Pods-PresentItemsOnMap/Pods-PresentItemsOnMap-resources.sh\"\n";
			showEnvVarsInLog = 0;
		};
/* End PBXShellScriptBuildPhase section */

/* Begin PBXSourcesBuildPhase section */
		34792FB92B8CF9630045289F /* Sources */ = {
			isa = PBXSourcesBuildPhase;
			buildActionMask = 2147483647;
			files = (
				34778C902B8F209500BA7A08 /* PlaceDetailsView.swift in Sources */,
				34792FFA2B8DB46D0045289F /* PlacesViewModel.swift in Sources */,
				34792FC52B8CF9630045289F /* PlacesViewController.swift in Sources */,
				34931ED12B8E76F900D54A6B /* CustomMarker.swift in Sources */,
				34792FC12B8CF9630045289F /* AppDelegate.swift in Sources */,
				34931EC72B8DD6E900D54A6B /* PlaceCell.swift in Sources */,
				34792FC32B8CF9630045289F /* SceneDelegate.swift in Sources */,
				34792FF22B8D1E540045289F /* Constants.swift in Sources */,
				34792FF52B8D28690045289F /* PlacesModel.swift in Sources */,
			);
			runOnlyForDeploymentPostprocessing = 0;
		};
		34792FCF2B8CF9660045289F /* Sources */ = {
			isa = PBXSourcesBuildPhase;
			buildActionMask = 2147483647;
			files = (
				34792FD82B8CF9660045289F /* PresentItemsOnMapTests.swift in Sources */,
			);
			runOnlyForDeploymentPostprocessing = 0;
		};
		34792FD92B8CF9660045289F /* Sources */ = {
			isa = PBXSourcesBuildPhase;
			buildActionMask = 2147483647;
			files = (
				34792FE22B8CF9660045289F /* PresentItemsOnMapUITests.swift in Sources */,
				34792FE42B8CF9660045289F /* PresentItemsOnMapUITestsLaunchTests.swift in Sources */,
			);
			runOnlyForDeploymentPostprocessing = 0;
		};
/* End PBXSourcesBuildPhase section */

/* Begin PBXTargetDependency section */
		34792FD52B8CF9660045289F /* PBXTargetDependency */ = {
			isa = PBXTargetDependency;
			target = 34792FBC2B8CF9630045289F /* PresentItemsOnMap */;
			targetProxy = 34792FD42B8CF9660045289F /* PBXContainerItemProxy */;
		};
		34792FDF2B8CF9660045289F /* PBXTargetDependency */ = {
			isa = PBXTargetDependency;
			target = 34792FBC2B8CF9630045289F /* PresentItemsOnMap */;
			targetProxy = 34792FDE2B8CF9660045289F /* PBXContainerItemProxy */;
		};
/* End PBXTargetDependency section */

/* Begin PBXVariantGroup section */
		34792FC62B8CF9630045289F /* Main.storyboard */ = {
			isa = PBXVariantGroup;
			children = (
				34792FC72B8CF9630045289F /* Base */,
			);
			name = Main.storyboard;
			sourceTree = "<group>";
		};
		34792FCB2B8CF9660045289F /* LaunchScreen.storyboard */ = {
			isa = PBXVariantGroup;
			children = (
				34792FCC2B8CF9660045289F /* Base */,
			);
			name = LaunchScreen.storyboard;
			sourceTree = "<group>";
		};
/* End PBXVariantGroup section */

/* Begin XCBuildConfiguration section */
		34792FE52B8CF9660045289F /* Debug */ = {
			isa = XCBuildConfiguration;
			buildSettings = {
				ALWAYS_SEARCH_USER_PATHS = NO;
				ASSETCATALOG_COMPILER_GENERATE_SWIFT_ASSET_SYMBOL_EXTENSIONS = YES;
				CLANG_ANALYZER_NONNULL = YES;
				CLANG_ANALYZER_NUMBER_OBJECT_CONVERSION = YES_AGGRESSIVE;
				CLANG_CXX_LANGUAGE_STANDARD = "gnu++20";
				CLANG_ENABLE_MODULES = YES;
				CLANG_ENABLE_OBJC_ARC = YES;
				CLANG_ENABLE_OBJC_WEAK = YES;
				CLANG_WARN_BLOCK_CAPTURE_AUTORELEASING = YES;
				CLANG_WARN_BOOL_CONVERSION = YES;
				CLANG_WARN_COMMA = YES;
				CLANG_WARN_CONSTANT_CONVERSION = YES;
				CLANG_WARN_DEPRECATED_OBJC_IMPLEMENTATIONS = YES;
				CLANG_WARN_DIRECT_OBJC_ISA_USAGE = YES_ERROR;
				CLANG_WARN_DOCUMENTATION_COMMENTS = YES;
				CLANG_WARN_EMPTY_BODY = YES;
				CLANG_WARN_ENUM_CONVERSION = YES;
				CLANG_WARN_INFINITE_RECURSION = YES;
				CLANG_WARN_INT_CONVERSION = YES;
				CLANG_WARN_NON_LITERAL_NULL_CONVERSION = YES;
				CLANG_WARN_OBJC_IMPLICIT_RETAIN_SELF = YES;
				CLANG_WARN_OBJC_LITERAL_CONVERSION = YES;
				CLANG_WARN_OBJC_ROOT_CLASS = YES_ERROR;
				CLANG_WARN_QUOTED_INCLUDE_IN_FRAMEWORK_HEADER = YES;
				CLANG_WARN_RANGE_LOOP_ANALYSIS = YES;
				CLANG_WARN_STRICT_PROTOTYPES = YES;
				CLANG_WARN_SUSPICIOUS_MOVE = YES;
				CLANG_WARN_UNGUARDED_AVAILABILITY = YES_AGGRESSIVE;
				CLANG_WARN_UNREACHABLE_CODE = YES;
				CLANG_WARN__DUPLICATE_METHOD_MATCH = YES;
				COPY_PHASE_STRIP = NO;
				DEBUG_INFORMATION_FORMAT = dwarf;
				ENABLE_STRICT_OBJC_MSGSEND = YES;
				ENABLE_TESTABILITY = YES;
				ENABLE_USER_SCRIPT_SANDBOXING = NO;
				GCC_C_LANGUAGE_STANDARD = gnu17;
				GCC_DYNAMIC_NO_PIC = NO;
				GCC_NO_COMMON_BLOCKS = YES;
				GCC_OPTIMIZATION_LEVEL = 0;
				GCC_PREPROCESSOR_DEFINITIONS = (
					"DEBUG=1",
					"$(inherited)",
				);
				GCC_WARN_64_TO_32_BIT_CONVERSION = YES;
				GCC_WARN_ABOUT_RETURN_TYPE = YES_ERROR;
				GCC_WARN_UNDECLARED_SELECTOR = YES;
				GCC_WARN_UNINITIALIZED_AUTOS = YES_AGGRESSIVE;
				GCC_WARN_UNUSED_FUNCTION = YES;
				GCC_WARN_UNUSED_VARIABLE = YES;
				IPHONEOS_DEPLOYMENT_TARGET = 15.0;
				LOCALIZATION_PREFERS_STRING_CATALOGS = YES;
				MTL_ENABLE_DEBUG_INFO = INCLUDE_SOURCE;
				MTL_FAST_MATH = YES;
				ONLY_ACTIVE_ARCH = YES;
				SDKROOT = iphoneos;
				SWIFT_ACTIVE_COMPILATION_CONDITIONS = "DEBUG $(inherited)";
				SWIFT_OPTIMIZATION_LEVEL = "-Onone";
			};
			name = Debug;
		};
		34792FE62B8CF9660045289F /* Release */ = {
			isa = XCBuildConfiguration;
			buildSettings = {
				ALWAYS_SEARCH_USER_PATHS = NO;
				ASSETCATALOG_COMPILER_GENERATE_SWIFT_ASSET_SYMBOL_EXTENSIONS = YES;
				CLANG_ANALYZER_NONNULL = YES;
				CLANG_ANALYZER_NUMBER_OBJECT_CONVERSION = YES_AGGRESSIVE;
				CLANG_CXX_LANGUAGE_STANDARD = "gnu++20";
				CLANG_ENABLE_MODULES = YES;
				CLANG_ENABLE_OBJC_ARC = YES;
				CLANG_ENABLE_OBJC_WEAK = YES;
				CLANG_WARN_BLOCK_CAPTURE_AUTORELEASING = YES;
				CLANG_WARN_BOOL_CONVERSION = YES;
				CLANG_WARN_COMMA = YES;
				CLANG_WARN_CONSTANT_CONVERSION = YES;
				CLANG_WARN_DEPRECATED_OBJC_IMPLEMENTATIONS = YES;
				CLANG_WARN_DIRECT_OBJC_ISA_USAGE = YES_ERROR;
				CLANG_WARN_DOCUMENTATION_COMMENTS = YES;
				CLANG_WARN_EMPTY_BODY = YES;
				CLANG_WARN_ENUM_CONVERSION = YES;
				CLANG_WARN_INFINITE_RECURSION = YES;
				CLANG_WARN_INT_CONVERSION = YES;
				CLANG_WARN_NON_LITERAL_NULL_CONVERSION = YES;
				CLANG_WARN_OBJC_IMPLICIT_RETAIN_SELF = YES;
				CLANG_WARN_OBJC_LITERAL_CONVERSION = YES;
				CLANG_WARN_OBJC_ROOT_CLASS = YES_ERROR;
				CLANG_WARN_QUOTED_INCLUDE_IN_FRAMEWORK_HEADER = YES;
				CLANG_WARN_RANGE_LOOP_ANALYSIS = YES;
				CLANG_WARN_STRICT_PROTOTYPES = YES;
				CLANG_WARN_SUSPICIOUS_MOVE = YES;
				CLANG_WARN_UNGUARDED_AVAILABILITY = YES_AGGRESSIVE;
				CLANG_WARN_UNREACHABLE_CODE = YES;
				CLANG_WARN__DUPLICATE_METHOD_MATCH = YES;
				COPY_PHASE_STRIP = NO;
				DEBUG_INFORMATION_FORMAT = "dwarf-with-dsym";
				ENABLE_NS_ASSERTIONS = NO;
				ENABLE_STRICT_OBJC_MSGSEND = YES;
				ENABLE_USER_SCRIPT_SANDBOXING = NO;
				GCC_C_LANGUAGE_STANDARD = gnu17;
				GCC_NO_COMMON_BLOCKS = YES;
				GCC_WARN_64_TO_32_BIT_CONVERSION = YES;
				GCC_WARN_ABOUT_RETURN_TYPE = YES_ERROR;
				GCC_WARN_UNDECLARED_SELECTOR = YES;
				GCC_WARN_UNINITIALIZED_AUTOS = YES_AGGRESSIVE;
				GCC_WARN_UNUSED_FUNCTION = YES;
				GCC_WARN_UNUSED_VARIABLE = YES;
				IPHONEOS_DEPLOYMENT_TARGET = 15.0;
				LOCALIZATION_PREFERS_STRING_CATALOGS = YES;
				MTL_ENABLE_DEBUG_INFO = NO;
				MTL_FAST_MATH = YES;
				SDKROOT = iphoneos;
				SWIFT_COMPILATION_MODE = wholemodule;
				VALIDATE_PRODUCT = YES;
			};
			name = Release;
		};
		34792FE82B8CF9660045289F /* Debug */ = {
			isa = XCBuildConfiguration;
			baseConfigurationReference = 15A8A2104A15F39AD3453448 /* Pods-PresentItemsOnMap.debug.xcconfig */;
			buildSettings = {
				ASSETCATALOG_COMPILER_APPICON_NAME = AppIcon;
				ASSETCATALOG_COMPILER_GLOBAL_ACCENT_COLOR_NAME = AccentColor;
				CODE_SIGN_STYLE = Automatic;
				CURRENT_PROJECT_VERSION = 1;
				DEVELOPMENT_TEAM = "";
				GENERATE_INFOPLIST_FILE = YES;
				INFOPLIST_FILE = PresentItemsOnMap/Info.plist;
				INFOPLIST_KEY_CFBundleDisplayName = Places;
				INFOPLIST_KEY_NSLocationWhenInUseUsageDescription = "Please allow access to see your location.";
				INFOPLIST_KEY_UIApplicationSupportsIndirectInputEvents = YES;
				INFOPLIST_KEY_UILaunchStoryboardName = LaunchScreen;
				INFOPLIST_KEY_UIMainStoryboardFile = Main;
				INFOPLIST_KEY_UISupportedInterfaceOrientations = UIInterfaceOrientationPortrait;
				LD_RUNPATH_SEARCH_PATHS = (
					"$(inherited)",
					"@executable_path/Frameworks",
				);
				MARKETING_VERSION = 1.0;
				PRODUCT_BUNDLE_IDENTIFIER = com.Moath.PresentItemsOnMap;
				PRODUCT_NAME = "$(TARGET_NAME)";
				SWIFT_EMIT_LOC_STRINGS = YES;
				SWIFT_VERSION = 5.0;
				TARGETED_DEVICE_FAMILY = "1,2";
			};
			name = Debug;
		};
		34792FE92B8CF9660045289F /* Release */ = {
			isa = XCBuildConfiguration;
			baseConfigurationReference = 01A427778BDBD9E325E589A4 /* Pods-PresentItemsOnMap.release.xcconfig */;
			buildSettings = {
				ASSETCATALOG_COMPILER_APPICON_NAME = AppIcon;
				ASSETCATALOG_COMPILER_GLOBAL_ACCENT_COLOR_NAME = AccentColor;
				CODE_SIGN_STYLE = Automatic;
				CURRENT_PROJECT_VERSION = 1;
				DEVELOPMENT_TEAM = "";
				GENERATE_INFOPLIST_FILE = YES;
				INFOPLIST_FILE = PresentItemsOnMap/Info.plist;
				INFOPLIST_KEY_CFBundleDisplayName = Places;
				INFOPLIST_KEY_NSLocationWhenInUseUsageDescription = "Please allow access to see your location.";
				INFOPLIST_KEY_UIApplicationSupportsIndirectInputEvents = YES;
				INFOPLIST_KEY_UILaunchStoryboardName = LaunchScreen;
				INFOPLIST_KEY_UIMainStoryboardFile = Main;
				INFOPLIST_KEY_UISupportedInterfaceOrientations = UIInterfaceOrientationPortrait;
				LD_RUNPATH_SEARCH_PATHS = (
					"$(inherited)",
					"@executable_path/Frameworks",
				);
				MARKETING_VERSION = 1.0;
				PRODUCT_BUNDLE_IDENTIFIER = com.Moath.PresentItemsOnMap;
				PRODUCT_NAME = "$(TARGET_NAME)";
				SWIFT_EMIT_LOC_STRINGS = YES;
				SWIFT_VERSION = 5.0;
				TARGETED_DEVICE_FAMILY = "1,2";
			};
			name = Release;
		};
		34792FEB2B8CF9660045289F /* Debug */ = {
			isa = XCBuildConfiguration;
			buildSettings = {
				ALWAYS_EMBED_SWIFT_STANDARD_LIBRARIES = YES;
				BUNDLE_LOADER = "$(TEST_HOST)";
				CODE_SIGN_STYLE = Automatic;
				CURRENT_PROJECT_VERSION = 1;
				GENERATE_INFOPLIST_FILE = YES;
				IPHONEOS_DEPLOYMENT_TARGET = 17.2;
				MARKETING_VERSION = 1.0;
				PRODUCT_BUNDLE_IDENTIFIER = com.Moath.PresentItemsOnMapTests;
				PRODUCT_NAME = "$(TARGET_NAME)";
				SWIFT_EMIT_LOC_STRINGS = NO;
				SWIFT_VERSION = 5.0;
				TARGETED_DEVICE_FAMILY = "1,2";
				TEST_HOST = "$(BUILT_PRODUCTS_DIR)/PresentItemsOnMap.app/$(BUNDLE_EXECUTABLE_FOLDER_PATH)/PresentItemsOnMap";
			};
			name = Debug;
		};
		34792FEC2B8CF9660045289F /* Release */ = {
			isa = XCBuildConfiguration;
			buildSettings = {
				ALWAYS_EMBED_SWIFT_STANDARD_LIBRARIES = YES;
				BUNDLE_LOADER = "$(TEST_HOST)";
				CODE_SIGN_STYLE = Automatic;
				CURRENT_PROJECT_VERSION = 1;
				GENERATE_INFOPLIST_FILE = YES;
				IPHONEOS_DEPLOYMENT_TARGET = 17.2;
				MARKETING_VERSION = 1.0;
				PRODUCT_BUNDLE_IDENTIFIER = com.Moath.PresentItemsOnMapTests;
				PRODUCT_NAME = "$(TARGET_NAME)";
				SWIFT_EMIT_LOC_STRINGS = NO;
				SWIFT_VERSION = 5.0;
				TARGETED_DEVICE_FAMILY = "1,2";
				TEST_HOST = "$(BUILT_PRODUCTS_DIR)/PresentItemsOnMap.app/$(BUNDLE_EXECUTABLE_FOLDER_PATH)/PresentItemsOnMap";
			};
			name = Release;
		};
		34792FEE2B8CF9660045289F /* Debug */ = {
			isa = XCBuildConfiguration;
			buildSettings = {
				ALWAYS_EMBED_SWIFT_STANDARD_LIBRARIES = YES;
				CODE_SIGN_STYLE = Automatic;
				CURRENT_PROJECT_VERSION = 1;
				GENERATE_INFOPLIST_FILE = YES;
				MARKETING_VERSION = 1.0;
				PRODUCT_BUNDLE_IDENTIFIER = com.Moath.PresentItemsOnMapUITests;
				PRODUCT_NAME = "$(TARGET_NAME)";
				SWIFT_EMIT_LOC_STRINGS = NO;
				SWIFT_VERSION = 5.0;
				TARGETED_DEVICE_FAMILY = "1,2";
				TEST_TARGET_NAME = PresentItemsOnMap;
			};
			name = Debug;
		};
		34792FEF2B8CF9660045289F /* Release */ = {
			isa = XCBuildConfiguration;
			buildSettings = {
				ALWAYS_EMBED_SWIFT_STANDARD_LIBRARIES = YES;
				CODE_SIGN_STYLE = Automatic;
				CURRENT_PROJECT_VERSION = 1;
				GENERATE_INFOPLIST_FILE = YES;
				MARKETING_VERSION = 1.0;
				PRODUCT_BUNDLE_IDENTIFIER = com.Moath.PresentItemsOnMapUITests;
				PRODUCT_NAME = "$(TARGET_NAME)";
				SWIFT_EMIT_LOC_STRINGS = NO;
				SWIFT_VERSION = 5.0;
				TARGETED_DEVICE_FAMILY = "1,2";
				TEST_TARGET_NAME = PresentItemsOnMap;
			};
			name = Release;
		};
/* End XCBuildConfiguration section */

/* Begin XCConfigurationList section */
		34792FB82B8CF9630045289F /* Build configuration list for PBXProject "PresentItemsOnMap" */ = {
			isa = XCConfigurationList;
			buildConfigurations = (
				34792FE52B8CF9660045289F /* Debug */,
				34792FE62B8CF9660045289F /* Release */,
			);
			defaultConfigurationIsVisible = 0;
			defaultConfigurationName = Release;
		};
		34792FE72B8CF9660045289F /* Build configuration list for PBXNativeTarget "PresentItemsOnMap" */ = {
			isa = XCConfigurationList;
			buildConfigurations = (
				34792FE82B8CF9660045289F /* Debug */,
				34792FE92B8CF9660045289F /* Release */,
			);
			defaultConfigurationIsVisible = 0;
			defaultConfigurationName = Release;
		};
		34792FEA2B8CF9660045289F /* Build configuration list for PBXNativeTarget "PresentItemsOnMapTests" */ = {
			isa = XCConfigurationList;
			buildConfigurations = (
				34792FEB2B8CF9660045289F /* Debug */,
				34792FEC2B8CF9660045289F /* Release */,
			);
			defaultConfigurationIsVisible = 0;
			defaultConfigurationName = Release;
		};
		34792FED2B8CF9660045289F /* Build configuration list for PBXNativeTarget "PresentItemsOnMapUITests" */ = {
			isa = XCConfigurationList;
			buildConfigurations = (
				34792FEE2B8CF9660045289F /* Debug */,
				34792FEF2B8CF9660045289F /* Release */,
			);
			defaultConfigurationIsVisible = 0;
			defaultConfigurationName = Release;
		};
/* End XCConfigurationList section */
	};
	rootObject = 34792FB52B8CF9630045289F /* Project object */;
}
