PODS:
  - GoogleMaps (8.4.0):
    - GoogleMaps/Maps (= 8.4.0)
  - GoogleMaps/Base (8.4.0)
  - GoogleMaps/Maps (8.4.0):
    - GoogleMaps/Base

DEPENDENCIES:
  - GoogleMaps

SPEC REPOS:
  trunk:
    - GoogleMaps

SPEC CHECKSUMS:
  GoogleMaps: 8939898920281c649150e0af74aa291c60f2e77d

PODFILE CHECKSUM: 986e09f893acce13966fc1da37cef834ce7ee6c0

COCOAPODS: 1.12.0
